<?xml version="1.0" encoding="utf-8"?>
<Project ToolsVersion="4.0">
  <ItemGroup>
    <ClCompile Include="main.cpp" />
    <ClCompile Include="MatrixTest.cpp" />
    <ClCompile Include="NN.cpp" />
  </ItemGroup>
  <ItemGroup>
    <ClInclude Include="Arr1D.h" />
    <ClInclude Include="NN.h" />
    <ClInclude Include="VectorTest.h" />
    <ClInclude Include="MatrixTest.h" />
  </ItemGroup>
  <ItemGroup>
    <None Include="README.md" />
  </ItemGroup>
</Project>
